// !$*UTF8*$!
{
	archiveVersion = 1;
	classes = {
	};
	objectVersion = 46;
	objects = {

/* Begin PBXBuildFile section */
		D0E4CB7A1B0B8BFC0049A929 /* AppDelegate.swift in Sources */ = {isa = PBXBuildFile; fileRef = D0E4CB791B0B8BFC0049A929 /* AppDelegate.swift */; };
		D0E4CB7C1B0B8BFC0049A929 /* ViewController.swift in Sources */ = {isa = PBXBuildFile; fileRef = D0E4CB7B1B0B8BFC0049A929 /* ViewController.swift */; };
		D0E4CB7F1B0B8BFC0049A929 /* Main.storyboard in Resources */ = {isa = PBXBuildFile; fileRef = D0E4CB7D1B0B8BFC0049A929 /* Main.storyboard */; };
		D0E4CB811B0B8BFC0049A929 /* Images.xcassets in Resources */ = {isa = PBXBuildFile; fileRef = D0E4CB801B0B8BFC0049A929 /* Images.xcassets */; };
		D0E4CB841B0B8BFC0049A929 /* LaunchScreen.xib in Resources */ = {isa = PBXBuildFile; fileRef = D0E4CB821B0B8BFC0049A929 /* LaunchScreen.xib */; };
		D0E4CB901B0B8BFC0049A929 /* WeatherTests.swift in Sources */ = {isa = PBXBuildFile; fileRef = D0E4CB8F1B0B8BFC0049A929 /* WeatherTests.swift */; };
		D0E4CB9C1B0B8D750049A929 /* background.jpg in Resources */ = {isa = PBXBuildFile; fileRef = D0E4CB9B1B0B8D750049A929 /* background.jpg */; };
/* End PBXBuildFile section */

/* Begin PBXContainerItemProxy section */
		D0E4CB8A1B0B8BFC0049A929 /* PBXContainerItemProxy */ = {
			isa = PBXContainerItemProxy;
			containerPortal = D0E4CB6C1B0B8BFC0049A929 /* Project object */;
			proxyType = 1;
			remoteGlobalIDString = D0E4CB731B0B8BFC0049A929;
			remoteInfo = Weather;
		};
/* End PBXContainerItemProxy section */

/* Begin PBXFileReference section */
		D0E4CB741B0B8BFC0049A929 /* Weather.app */ = {isa = PBXFileReference; explicitFileType = wrapper.application; includeInIndex = 0; path = Weather.app; sourceTree = BUILT_PRODUCTS_DIR; };
		D0E4CB781B0B8BFC0049A929 /* Info.plist */ = {isa = PBXFileReference; lastKnownFileType = text.plist.xml; path = Info.plist; sourceTree = "<group>"; };
		D0E4CB791B0B8BFC0049A929 /* AppDelegate.swift */ = {isa = PBXFileReference; lastKnownFileType = sourcecode.swift; path = AppDelegate.swift; sourceTree = "<group>"; };
		D0E4CB7B1B0B8BFC0049A929 /* ViewController.swift */ = {isa = PBXFileReference; lastKnownFileType = sourcecode.swift; path = ViewController.swift; sourceTree = "<group>"; };
		D0E4CB7E1B0B8BFC0049A929 /* Base */ = {isa = PBXFileReference; lastKnownFileType = file.storyboard; name = Base; path = Base.lproj/Main.storyboard; sourceTree = "<group>"; };
		D0E4CB801B0B8BFC0049A929 /* Images.xcassets */ = {isa = PBXFileReference; lastKnownFileType = folder.assetcatalog; path = Images.xcassets; sourceTree = "<group>"; };
		D0E4CB831B0B8BFC0049A929 /* Base */ = {isa = PBXFileReference; lastKnownFileType = file.xib; name = Base; path = Base.lproj/LaunchScreen.xib; sourceTree = "<group>"; };
		D0E4CB891B0B8BFC0049A929 /* WeatherTests.xctest */ = {isa = PBXFileReference; explicitFileType = wrapper.cfbundle; includeInIndex = 0; path = WeatherTests.xctest; sourceTree = BUILT_PRODUCTS_DIR; };
		D0E4CB8E1B0B8BFC0049A929 /* Info.plist */ = {isa = PBXFileReference; lastKnownFileType = text.plist.xml; path = Info.plist; sourceTree = "<group>"; };
		D0E4CB8F1B0B8BFC0049A929 /* WeatherTests.swift */ = {isa = PBXFileReference; lastKnownFileType = sourcecode.swift; path = WeatherTests.swift; sourceTree = "<group>"; };
		D0E4CB9B1B0B8D750049A929 /* background.jpg */ = {isa = PBXFileReference; lastKnownFileType = image.jpeg; path = background.jpg; sourceTree = "<group>"; };
/* End PBXFileReference section */

/* Begin PBXFrameworksBuildPhase section */
		D0E4CB711B0B8BFC0049A929 /* Frameworks */ = {
			isa = PBXFrameworksBuildPhase;
			buildActionMask = 2147483647;
			files = (
			);
			runOnlyForDeploymentPostprocessing = 0;
		};
		D0E4CB861B0B8BFC0049A929 /* Frameworks */ = {
			isa = PBXFrameworksBuildPhase;
			buildActionMask = 2147483647;
			files = (
			);
			runOnlyForDeploymentPostprocessing = 0;
		};
/* End PBXFrameworksBuildPhase section */

/* Begin PBXGroup section */
		D0E4CB6B1B0B8BFC0049A929 = {
			isa = PBXGroup;
			children = (
				D0E4CB761B0B8BFC0049A929 /* Weather */,
				D0E4CB8C1B0B8BFC0049A929 /* WeatherTests */,
				D0E4CB751B0B8BFC0049A929 /* Products */,
			);
			sourceTree = "<group>";
		};
		D0E4CB751B0B8BFC0049A929 /* Products */ = {
			isa = PBXGroup;
			children = (
				D0E4CB741B0B8BFC0049A929 /* Weather.app */,
				D0E4CB891B0B8BFC0049A929 /* WeatherTests.xctest */,
			);
			name = Products;
			sourceTree = "<group>";
		};
		D0E4CB761B0B8BFC0049A929 /* Weather */ = {
			isa = PBXGroup;
			children = (
				D0E4CB791B0B8BFC0049A929 /* AppDelegate.swift */,
				D0E4CB7B1B0B8BFC0049A929 /* ViewController.swift */,
				D0E4CB7D1B0B8BFC0049A929 /* Main.storyboard */,
				D0E4CB9B1B0B8D750049A929 /* background.jpg */,
				D0E4CB801B0B8BFC0049A929 /* Images.xcassets */,
				D0E4CB821B0B8BFC0049A929 /* LaunchScreen.xib */,
				D0E4CB771B0B8BFC0049A929 /* Supporting Files */,
			);
			path = Weather;
			sourceTree = "<group>";
		};
		D0E4CB771B0B8BFC0049A929 /* Supporting Files */ = {
			isa = PBXGroup;
			children = (
				D0E4CB781B0B8BFC0049A929 /* Info.plist */,
			);
			name = "Supporting Files";
			sourceTree = "<group>";
		};
		D0E4CB8C1B0B8BFC0049A929 /* WeatherTests */ = {
			isa = PBXGroup;
			children = (
				D0E4CB8F1B0B8BFC0049A929 /* WeatherTests.swift */,
				D0E4CB8D1B0B8BFC0049A929 /* Supporting Files */,
			);
			path = WeatherTests;
			sourceTree = "<group>";
		};
		D0E4CB8D1B0B8BFC0049A929 /* Supporting Files */ = {
			isa = PBXGroup;
			children = (
				D0E4CB8E1B0B8BFC0049A929 /* Info.plist */,
			);
			name = "Supporting Files";
			sourceTree = "<group>";
		};
/* End PBXGroup section */

/* Begin PBXNativeTarget section */
		D0E4CB731B0B8BFC0049A929 /* Weather */ = {
			isa = PBXNativeTarget;
			buildConfigurationList = D0E4CB931B0B8BFC0049A929 /* Build configuration list for PBXNativeTarget "Weather" */;
			buildPhases = (
				D0E4CB701B0B8BFC0049A929 /* Sources */,
				D0E4CB711B0B8BFC0049A929 /* Frameworks */,
				D0E4CB721B0B8BFC0049A929 /* Resources */,
			);
			buildRules = (
			);
			dependencies = (
			);
			name = Weather;
			productName = Weather;
			productReference = D0E4CB741B0B8BFC0049A929 /* Weather.app */;
			productType = "com.apple.product-type.application";
		};
		D0E4CB881B0B8BFC0049A929 /* WeatherTests */ = {
			isa = PBXNativeTarget;
			buildConfigurationList = D0E4CB961B0B8BFC0049A929 /* Build configuration list for PBXNativeTarget "WeatherTests" */;
			buildPhases = (
				D0E4CB851B0B8BFC0049A929 /* Sources */,
				D0E4CB861B0B8BFC0049A929 /* Frameworks */,
				D0E4CB871B0B8BFC0049A929 /* Resources */,
			);
			buildRules = (
			);
			dependencies = (
				D0E4CB8B1B0B8BFC0049A929 /* PBXTargetDependency */,
			);
			name = WeatherTests;
			productName = WeatherTests;
			productReference = D0E4CB891B0B8BFC0049A929 /* WeatherTests.xctest */;
			productType = "com.apple.product-type.bundle.unit-test";
		};
/* End PBXNativeTarget section */

/* Begin PBXProject section */
		D0E4CB6C1B0B8BFC0049A929 /* Project object */ = {
			isa = PBXProject;
			attributes = {
				LastUpgradeCheck = 0630;
				ORGANIZATIONNAME = JMVapps;
				TargetAttributes = {
					D0E4CB731B0B8BFC0049A929 = {
						CreatedOnToolsVersion = 6.3.1;
					};
					D0E4CB881B0B8BFC0049A929 = {
						CreatedOnToolsVersion = 6.3.1;
						TestTargetID = D0E4CB731B0B8BFC0049A929;
					};
				};
			};
			buildConfigurationList = D0E4CB6F1B0B8BFC0049A929 /* Build configuration list for PBXProject "Weather" */;
			compatibilityVersion = "Xcode 3.2";
			developmentRegion = English;
			hasScannedForEncodings = 0;
			knownRegions = (
				en,
				Base,
			);
			mainGroup = D0E4CB6B1B0B8BFC0049A929;
			productRefGroup = D0E4CB751B0B8BFC0049A929 /* Products */;
			projectDirPath = "";
			projectRoot = "";
			targets = (
				D0E4CB731B0B8BFC0049A929 /* Weather */,
				D0E4CB881B0B8BFC0049A929 /* WeatherTests */,
			);
		};
/* End PBXProject section */

/* Begin PBXResourcesBuildPhase section */
		D0E4CB721B0B8BFC0049A929 /* Resources */ = {
			isa = PBXResourcesBuildPhase;
			buildActionMask = 2147483647;
			files = (
				D0E4CB7F1B0B8BFC0049A929 /* Main.storyboard in Resources */,
				D0E4CB9C1B0B8D750049A929 /* background.jpg in Resources */,
				D0E4CB841B0B8BFC0049A929 /* LaunchScreen.xib in Resources */,
				D0E4CB811B0B8BFC0049A929 /* Images.xcassets in Resources */,
			);
			runOnlyForDeploymentPostprocessing = 0;
		};
		D0E4CB871B0B8BFC0049A929 /* Resources */ = {
			isa = PBXResourcesBuildPhase;
			buildActionMask = 2147483647;
			files = (
			);
			runOnlyForDeploymentPostprocessing = 0;
		};
/* End PBXResourcesBuildPhase section */

/* Begin PBXSourcesBuildPhase section */
		D0E4CB701B0B8BFC0049A929 /* Sources */ = {
			isa = PBXSourcesBuildPhase;
			buildActionMask = 2147483647;
			files = (
				D0E4CB7C1B0B8BFC0049A929 /* ViewController.swift in Sources */,
				D0E4CB7A1B0B8BFC0049A929 /* AppDelegate.swift in Sources */,
			);
			runOnlyForDeploymentPostprocessing = 0;
		};
		D0E4CB851B0B8BFC0049A929 /* Sources */ = {
			isa = PBXSourcesBuildPhase;
			buildActionMask = 2147483647;
			files = (
				D0E4CB901B0B8BFC0049A929 /* WeatherTests.swift in Sources */,
			);
			runOnlyForDeploymentPostprocessing = 0;
		};
/* End PBXSourcesBuildPhase section */

/* Begin PBXTargetDependency section */
		D0E4CB8B1B0B8BFC0049A929 /* PBXTargetDependency */ = {
			isa = PBXTargetDependency;
			target = D0E4CB731B0B8BFC0049A929 /* Weather */;
			targetProxy = D0E4CB8A1B0B8BFC0049A929 /* PBXContainerItemProxy */;
		};
/* End PBXTargetDependency section */

/* Begin PBXVariantGroup section */
		D0E4CB7D1B0B8BFC0049A929 /* Main.storyboard */ = {
			isa = PBXVariantGroup;
			children = (
				D0E4CB7E1B0B8BFC0049A929 /* Base */,
			);
			name = Main.storyboard;
			sourceTree = "<group>";
		};
		D0E4CB821B0B8BFC0049A929 /* LaunchScreen.xib */ = {
			isa = PBXVariantGroup;
			children = (
				D0E4CB831B0B8BFC0049A929 /* Base */,
			);
			name = LaunchScreen.xib;
			sourceTree = "<group>";
		};
/* End PBXVariantGroup section */

/* Begin XCBuildConfiguration section */
		D0E4CB911B0B8BFC0049A929 /* Debug */ = {
			isa = XCBuildConfiguration;
			buildSettings = {
				ALWAYS_SEARCH_USER_PATHS = NO;
				CLANG_CXX_LANGUAGE_STANDARD = "gnu++0x";
				CLANG_CXX_LIBRARY = "libc++";
				CLANG_ENABLE_MODULES = YES;
				CLANG_ENABLE_OBJC_ARC = YES;
				CLANG_WARN_BOOL_CONVERSION = YES;
				CLANG_WARN_CONSTANT_CONVERSION = YES;
				CLANG_WARN_DIRECT_OBJC_ISA_USAGE = YES_ERROR;
				CLANG_WARN_EMPTY_BODY = YES;
				CLANG_WARN_ENUM_CONVERSION = YES;
				CLANG_WARN_INT_CONVERSION = YES;
				CLANG_WARN_OBJC_ROOT_CLASS = YES_ERROR;
				CLANG_WARN_UNREACHABLE_CODE = YES;
				CLANG_WARN__DUPLICATE_METHOD_MATCH = YES;
				"CODE_SIGN_IDENTITY[sdk=iphoneos*]" = "iPhone Developer";
				COPY_PHASE_STRIP = NO;
				DEBUG_INFORMATION_FORMAT = "dwarf-with-dsym";
				ENABLE_STRICT_OBJC_MSGSEND = YES;
				GCC_C_LANGUAGE_STANDARD = gnu99;
				GCC_DYNAMIC_NO_PIC = NO;
				GCC_NO_COMMON_BLOCKS = YES;
				GCC_OPTIMIZATION_LEVEL = 0;
				GCC_PREPROCESSOR_DEFINITIONS = (
					"DEBUG=1",
					"$(inherited)",
				);
				GCC_SYMBOLS_PRIVATE_EXTERN = NO;
				GCC_WARN_64_TO_32_BIT_CONVERSION = YES;
				GCC_WARN_ABOUT_RETURN_TYPE = YES_ERROR;
				GCC_WARN_UNDECLARED_SELECTOR = YES;
				GCC_WARN_UNINITIALIZED_AUTOS = YES_AGGRESSIVE;
				GCC_WARN_UNUSED_FUNCTION = YES;
				GCC_WARN_UNUSED_VARIABLE = YES;
				IPHONEOS_DEPLOYMENT_TARGET = 8.3;
				MTL_ENABLE_DEBUG_INFO = YES;
				ONLY_ACTIVE_ARCH = YES;
				SDKROOT = iphoneos;
				SWIFT_OPTIMIZATION_LEVEL = "-Onone";
			};
			name = Debug;
		};
		D0E4CB921B0B8BFC0049A929 /* Release */ = {
			isa = XCBuildConfiguration;
			buildSettings = {
				ALWAYS_SEARCH_USER_PATHS = NO;
				CLANG_CXX_LANGUAGE_STANDARD = "gnu++0x";
				CLANG_CXX_LIBRARY = "libc++";
				CLANG_ENABLE_MODULES = YES;
				CLANG_ENABLE_OBJC_ARC = YES;
				CLANG_WARN_BOOL_CONVERSION = YES;
				CLANG_WARN_CONSTANT_CONVERSION = YES;
				CLANG_WARN_DIRECT_OBJC_ISA_USAGE = YES_ERROR;
				CLANG_WARN_EMPTY_BODY = YES;
				CLANG_WARN_ENUM_CONVERSION = YES;
				CLANG_WARN_INT_CONVERSION = YES;
				CLANG_WARN_OBJC_ROOT_CLASS = YES_ERROR;
				CLANG_WARN_UNREACHABLE_CODE = YES;
				CLANG_WARN__DUPLICATE_METHOD_MATCH = YES;
				"CODE_SIGN_IDENTITY[sdk=iphoneos*]" = "iPhone Developer";
				COPY_PHASE_STRIP = NO;
				DEBUG_INFORMATION_FORMAT = "dwarf-with-dsym";
				ENABLE_NS_ASSERTIONS = NO;
				ENABLE_STRICT_OBJC_MSGSEND = YES;
				GCC_C_LANGUAGE_STANDARD = gnu99;
				GCC_NO_COMMON_BLOCKS = YES;
				GCC_WARN_64_TO_32_BIT_CONVERSION = YES;
				GCC_WARN_ABOUT_RETURN_TYPE = YES_ERROR;
				GCC_WARN_UNDECLARED_SELECTOR = YES;
				GCC_WARN_UNINITIALIZED_AUTOS = YES_AGGRESSIVE;
				GCC_WARN_UNUSED_FUNCTION = YES;
				GCC_WARN_UNUSED_VARIABLE = YES;
				IPHONEOS_DEPLOYMENT_TARGET = 8.3;
				MTL_ENABLE_DEBUG_INFO = NO;
				SDKROOT = iphoneos;
				VALIDATE_PRODUCT = YES;
			};
			name = Release;
		};
		D0E4CB941B0B8BFC0049A929 /* Debug */ = {
			isa = XCBuildConfiguration;
			buildSettings = {
				ASSETCATALOG_COMPILER_APPICON_NAME = AppIcon;
				INFOPLIST_FILE = Weather/Info.plist;
				LD_RUNPATH_SEARCH_PATHS = "$(inherited) @executable_path/Frameworks";
				PRODUCT_NAME = "$(TARGET_NAME)";
			};
			name = Debug;
		};
		D0E4CB951B0B8BFC0049A929 /* Release */ = {
			isa = XCBuildConfiguration;
			buildSettings = {
				ASSETCATALOG_COMPILER_APPICON_NAME = AppIcon;
				INFOPLIST_FILE = Weather/Info.plist;
				LD_RUNPATH_SEARCH_PATHS = "$(inherited) @executable_path/Frameworks";
				PRODUCT_NAME = "$(TARGET_NAME)";
			};
			name = Release;
		};
		D0E4CB971B0B8BFC0049A929 /* Debug */ = {
			isa = XCBuildConfiguration;
			buildSettings = {
				BUNDLE_LOADER = "$(TEST_HOST)";
				FRAMEWORK_SEARCH_PATHS = (
					"$(SDKROOT)/Developer/Library/Frameworks",
					"$(inherited)",
				);
				GCC_PREPROCESSOR_DEFINITIONS = (
					"DEBUG=1",
					"$(inherited)",
				);
				INFOPLIST_FILE = WeatherTests/Info.plist;
				LD_RUNPATH_SEARCH_PATHS = "$(inherited) @executable_path/Frameworks @loader_path/Frameworks";
				PRODUCT_NAME = "$(TARGET_NAME)";
				TEST_HOST = "$(BUILT_PRODUCTS_DIR)/Weather.app/Weather";
			};
			name = Debug;
		};
		D0E4CB981B0B8BFC0049A929 /* Release */ = {
			isa = XCBuildConfiguration;
			buildSettings = {
				BUNDLE_LOADER = "$(TEST_HOST)";
				FRAMEWORK_SEARCH_PATHS = (
					"$(SDKROOT)/Developer/Library/Frameworks",
					"$(inherited)",
				);
				INFOPLIST_FILE = WeatherTests/Info.plist;
				LD_RUNPATH_SEARCH_PATHS = "$(inherited) @executable_path/Frameworks @loader_path/Frameworks";
				PRODUCT_NAME = "$(TARGET_NAME)";
				TEST_HOST = "$(BUILT_PRODUCTS_DIR)/Weather.app/Weather";
			};
			name = Release;
		};
/* End XCBuildConfiguration section */

/* Begin XCConfigurationList section */
		D0E4CB6F1B0B8BFC0049A929 /* Build configuration list for PBXProject "Weather" */ = {
			isa = XCConfigurationList;
			buildConfigurations = (
				D0E4CB911B0B8BFC0049A929 /* Debug */,
				D0E4CB921B0B8BFC0049A929 /* Release */,
			);
			defaultConfigurationIsVisible = 0;
			defaultConfigurationName = Release;
		};
		D0E4CB931B0B8BFC0049A929 /* Build configuration list for PBXNativeTarget "Weather" */ = {
			isa = XCConfigurationList;
			buildConfigurations = (
				D0E4CB941B0B8BFC0049A929 /* Debug */,
				D0E4CB951B0B8BFC0049A929 /* Release */,
			);
			defaultConfigurationIsVisible = 0;
		};
		D0E4CB961B0B8BFC0049A929 /* Build configuration list for PBXNativeTarget "WeatherTests" */ = {
			isa = XCConfigurationList;
			buildConfigurations = (
				D0E4CB971B0B8BFC0049A929 /* Debug */,
				D0E4CB981B0B8BFC0049A929 /* Release */,
			);
			defaultConfigurationIsVisible = 0;
		};
/* End XCConfigurationList section */
	};
	rootObject = D0E4CB6C1B0B8BFC0049A929 /* Project object */;
}
